
Microsoft Visual Studio Solution File, Format Version 12.00
Project("{FAE04EC0-301F-11D3-BF4B-00C04F79EFBC}") = "SingleResponsibilityPricinciple-SRP", "SingleResponsibilityPricinciple-SRP\SingleResponsibilityPricinciple-SRP.csproj", "{500592D2-F554-4317-8EFB-46CA9CE3BFA4}"
EndProject
Global
	GlobalSection(SolutionConfigurationPlatforms) = preSolution
		Debug|Any CPU = Debug|Any CPU
		Release|Any CPU = Release|Any CPU
	EndGlobalSection
	GlobalSection(ProjectConfigurationPlatforms) = postSolution
		{500592D2-F554-4317-8EFB-46CA9CE3BFA4}.Debug|Any CPU.ActiveCfg = Debug|Any CPU
		{500592D2-F554-4317-8EFB-46CA9CE3BFA4}.Debug|Any CPU.Build.0 = Debug|Any CPU
		{500592D2-F554-4317-8EFB-46CA9CE3BFA4}.Release|Any CPU.ActiveCfg = Release|Any CPU
		{500592D2-F554-4317-8EFB-46CA9CE3BFA4}.Release|Any CPU.Build.0 = Release|Any CPU
	EndGlobalSection
EndGlobal
